
Microsoft Visual Studio Solution File, Format Version 12.00
# Visual Studio 15
VisualStudioVersion = 15.0.27428.2037
MinimumVisualStudioVersion = 10.0.40219.1
Project("{FAE04EC0-301F-11D3-BF4B-00C04F79EFBC}") = "WindowsFormsApp1", "WindowsFormsApp1\WindowsFormsApp1.csproj", "{3DDCAD2E-441D-4BA7-8B7D-9CCBC3DAA0AA}"
EndProject
Global
	GlobalSection(SolutionConfigurationPlatforms) = preSolution
		Debug|Any CPU = Debug|Any CPU
		Release|Any CPU = Release|Any CPU
	EndGlobalSection
	GlobalSection(ProjectConfigurationPlatforms) = postSolution
		{3DDCAD2E-441D-4BA7-8B7D-9CCBC3DAA0AA}.Debug|Any CPU.ActiveCfg = Debug|Any CPU
		{3DDCAD2E-441D-4BA7-8B7D-9CCBC3DAA0AA}.Debug|Any CPU.Build.0 = Debug|Any CPU
		{3DDCAD2E-441D-4BA7-8B7D-9CCBC3DAA0AA}.Release|Any CPU.ActiveCfg = Release|Any CPU
		{3DDCAD2E-441D-4BA7-8B7D-9CCBC3DAA0AA}.Release|Any CPU.Build.0 = Release|Any CPU
	EndGlobalSection
	GlobalSection(SolutionProperties) = preSolution
		HideSolutionNode = FALSE
	EndGlobalSection
	GlobalSection(ExtensibilityGlobals) = postSolution
		SolutionGuid = {43DD6836-38A8-4C10-97A5-869FECE39B91}
	EndGlobalSection
EndGlobal
